
Microsoft Visual Studio Solution File, Format Version 12.00
# Visual Studio Version 17
VisualStudioVersion = 17.8.34330.188
MinimumVisualStudioVersion = 10.0.40219.1
Project("{FAE04EC0-301F-11D3-BF4B-00C04F79EFBC}") = "week9lists", "week9lists\week9lists.csproj", "{52CC0617-5E09-4707-B2F6-7618BB00A619}"
EndProject
Global
	GlobalSection(SolutionConfigurationPlatforms) = preSolution
		Debug|Any CPU = Debug|Any CPU
		Release|Any CPU = Release|Any CPU
	EndGlobalSection
	GlobalSection(ProjectConfigurationPlatforms) = postSolution
		{52CC0617-5E09-4707-B2F6-7618BB00A619}.Debug|Any CPU.ActiveCfg = Debug|Any CPU
		{52CC0617-5E09-4707-B2F6-7618BB00A619}.Debug|Any CPU.Build.0 = Debug|Any CPU
		{52CC0617-5E09-4707-B2F6-7618BB00A619}.Release|Any CPU.ActiveCfg = Release|Any CPU
		{52CC0617-5E09-4707-B2F6-7618BB00A619}.Release|Any CPU.Build.0 = Release|Any CPU
	EndGlobalSection
	GlobalSection(SolutionProperties) = preSolution
		HideSolutionNode = FALSE
	EndGlobalSection
	GlobalSection(ExtensibilityGlobals) = postSolution
		SolutionGuid = {E0365E59-BA45-4782-99A5-EFB03D2D1A80}
	EndGlobalSection
EndGlobal
